# This file is automatically @generated by Poetry 2.4.2 and should not be changed by hand.

[[package]]
name = "codespell"
version = "2.4.3"
description = "Fix common misspellings in text files"
optional = false
python-versions = ">=3.9"
groups = ["dev"]
files = [
    {file = "codespell-2.4.3-py3-none-any.whl", hash = "sha256:af2505b335e8573dbd2d384d1c4ef498f4006f4ba2d6fceca01e55b91f52628a"},
    {file = "codespell-2.4.3.tar.gz", hash = "sha256:cbe085e331227b37bb86ef8bddd08dc768c704ee9a07ca869852c093fa2793e2"},
]

[package.extras]
hard-encoding-detection = ["chardet"]
toml = ["tomli ; python_version < \"3.11\""]

[[package]]
name = "lefthook"
version = "2.1.12"
description = "Git hooks manager. Fast, powerful, simple."
optional = false
python-versions = ">=3.6"
groups = ["dev"]
files = [
    {file = "lefthook-2.1.12-py3-none-macosx_10_15_x86_64.whl", hash = "sha256:32d55313d69d5014107ad8a6a798777021c33e73c9a756259234ba2cd868e650"},
    {file = "lefthook-2.1.12-py3-none-macosx_11_0_arm64.whl", hash = "sha256:65cf6d5f0186c49e7fe8c9b63ffb9118849bc84c19592b1850160023c1087c62"},
    {file = "lefthook-2.1.12-py3-none-manylinux_2_17_aarch64.whl", hash = "sha256:dd944a7d8455fb8ffd071e985185d0714231c4edf5b6ddbc13645da9a0ebad86"},
    {file = "lefthook-2.1.12-py3-none-manylinux_2_17_x86_64.whl", hash = "sha256:6e917914affde9c6de3295fb355c2a8ff9fb6e807ff40597f2ba2b2ca6ba5432"},
    {file = "lefthook-2.1.12-py3-none-win_amd64.whl", hash = "sha256:c8f155eadbe4922e6ea5e12245800dc0e2d3efc945945299961711d4398fd303"},
    {file = "lefthook-2.1.12-py3-none-win_arm64.whl", hash = "sha256:7ea0032c826c4e9ab6a9c1a82f675508078b0b469d269ed7b705d5aca8351a2f"},
]

[[package]]
name = "ruff"
version = "0.16.6"
description = "An extremely fast Python linter and code formatter, written in Rust."
optional = false
python-versions = ">=3.7"
groups = ["dev"]
files = [
    {file = "ruff-0.16.6-py3-none-linux_armv6l.whl", hash = "sha256:61c368c26bf8e973e5ab14a2772de587bc068ea3f9a277f673380749b4898fb8"},
    {file = "ruff-0.16.6-py3-none-macosx_10_12_x86_64.whl", hash = "sha256:ecf4f068e2e123e43a26e9db4e19524cc56563912404e83bbfca375757e45a32"},
    {file = "ruff-0.16.6-py3-none-macosx_11_0_arm64.whl", hash = "sha256:99b62ea33baf130f50368798d841f0d95527b6d817bf31817b65dd058f1d314c"},
    {file = "ruff-0.16.6-py3-none-manylinux_2_17_aarch64.manylinux2014_aarch64.whl", hash = "sha256:7fbf89013f2bb3f6835a6038ff658dc8a1b38c98dc8e724b964168ad4e881876"},
    {file = "ruff-0.16.6-py3-none-manylinux_2_17_armv7l.manylinux2014_armv7l.whl", hash = "sha256:56a67065e22efa6bc4d498299d3bb06c0c90aace8fac2068b5a12f9dc4d8d51d"},
    {file = "ruff-0.16.6-py3-none-manylinux_2_17_i686.manylinux2014_i686.whl", hash = "sha256:e25cc89174874b176a157e4428d66761c2c0c006654419bf384f967f361ff1b1"},
    {file = "ruff-0.16.6-py3-none-manylinux_2_17_ppc64le.manylinux2014_ppc64le.whl", hash = "sha256:0700580ed5303723cb3c11c2f1d2a8913ce77b7ea86646dddb887f5417a9ba70"},
    {file = "ruff-0.16.6-py3-none-manylinux_2_17_s390x.manylinux2014_s390x.whl", hash = "sha256:15f1d0b6e165a6e56567befb6629f8209271311d990bae0f37e6d065035ef5f3"},
    {file = "ruff-0.16.6-py3-none-manylinux_2_17_x86_64.manylinux2014_x86_64.whl", hash = "sha256:d72c591a96986ee4268860e2b7235082129ca5e4cb9cbba653a4b57c11893757"},
    {file = "ruff-0.16.6-py3-none-manylinux_2_31_riscv64.whl", hash = "sha256:65a006baa18f33324325814c864daef03541d51564b98c517610ea756ab7003e"},
    {file = "ruff-0.16.6-py3-none-musllinux_1_2_aarch64.whl", hash = "sha256:cd02a7bf1a21a8735228a3e8c95a9dc5cf86bd2a52194f4aaae2a5755b4de0f4"},
    {file = "ruff-0.16.6-py3-none-musllinux_1_2_armv7l.whl", hash = "sha256:31b36f1e5ad85e0737f09d2be4e512e2e283583c14015da3b9dc07359ac0fc88"},
    {file = "ruff-0.16.6-py3-none-musllinux_1_2_i686.whl", hash = "sha256:61029b4ab4aa723fd3064fab96b1d814492596bf0c792679fffcbde1e1679953"},
    {file = "ruff-0.16.6-py3-none-musllinux_1_2_x86_64.whl", hash = "sha256:9ac8998457832c2061709d900856b7ad271dace0cb41f346588d540162bfa718"},
    {file = "ruff-0.16.6-py3-none-win32.whl", hash = "sha256:0b87d9d16fcb63e8018423ca1d50b7260f15cb2da33e30db4baad4183a948c25"},
    {file = "ruff-0.16.6-py3-none-win_amd64.whl", hash = "sha256:10d21c51c3495d8eaea7b703a16592117ea6eb1d649e36335aa965ff1173eb39"},
    {file = "ruff-0.16.6-py3-none-win_arm64.whl", hash = "sha256:7a976c79b958f94e50a022a19f0f8c87387448020935ec14fc74331bd0a7f2c5"},
    {file = "ruff-0.16.6.tar.gz", hash = "sha256:dcf8a73d2ff77e99dde91244b4da16feba7f14e6beeb4015dee7c5a909e99050"},
]

[[package]]
name = "zizmor"
version = "1.30.0"
description = "Static analysis for GitHub Actions"
optional = false
python-versions = ">=3.10"
groups = ["dev"]
files = [
    {file = "zizmor-1.30.0-py3-none-macosx_10_12_x86_64.whl", hash = "sha256:51c96204572b9f96b940806a371a9c57c8cff30cf93d3bd73c2febe483f942df"},
    {file = "zizmor-1.30.0-py3-none-macosx_11_0_arm64.whl", hash = "sha256:e4193537785dd07177227e4695871ffae1d7fe3f6043c217498445e71b477bc1"},
    {file = "zizmor-1.30.0-py3-none-manylinux_2_24_aarch64.whl", hash = "sha256:7569a58319fb270c14a64663a6565929035f26f6f6d13059314f796e988129eb"},
    {file = "zizmor-1.30.0-py3-none-manylinux_2_28_armv7l.whl", hash = "sha256:0e69a86290dff4c41b51c381a27029b5dc2b748c0510a9a333b18f862ea1bc68"},
    {file = "zizmor-1.30.0-py3-none-manylinux_2_28_x86_64.whl", hash = "sha256:9c08a7c34b33ed6f9a3a3d28fcf8c64e3e078c53c51bc9ce05c32ec3ba7feae9"},
    {file = "zizmor-1.30.0-py3-none-musllinux_1_2_aarch64.whl", hash = "sha256:baa02978518248bf9f011e6ceca7b7c5efb5b893810cd4954e01785e1b68f959"},
    {file = "zizmor-1.30.0-py3-none-musllinux_1_2_armv7l.whl", hash = "sha256:0148b61f6315ad363ae748f838e8ed81e1cfb3ade6bbe480e7516e4fba630b82"},
    {file = "zizmor-1.30.0-py3-none-musllinux_1_2_x86_64.whl", hash = "sha256:1f15ed62ff34ad7875427384b03a2f72995d9ab8ddcb50dc141b25763de3aaa2"},
    {file = "zizmor-1.30.0-py3-none-win32.whl", hash = "sha256:39f15155db3e4af9bb5cf125a236c67fd84ddd3174f60b4111b27c691b337e00"},
    {file = "zizmor-1.30.0-py3-none-win_amd64.whl", hash = "sha256:ca321b5b1cb85d08ac0c3c86275bfd5a6b5564c176437e3b41e10bd1e4463296"},
    {file = "zizmor-1.30.0.tar.gz", hash = "sha256:9a17ac3bb043afbbd9d3c8b6f309fa5b319c6a32e3259fbaf050f6fcd3d0a9cd"},
]

[metadata]
lock-version = "2.1"
python-versions = ">=3.11"
content-hash = "fc46159d7abe26f563d062eac4f791dcd16fc6be9abcc9666b6f0f04a063c839"
